
Microsoft Visual Studio Solution File, Format Version 12.00
# Visual Studio Version 16
VisualStudioVersion = 16.0.30523.141
MinimumVisualStudioVersion = 10.0.40219.1
Project("{9A19103F-16F7-4668-BE54-9A1E7A4F7556}") = "SringHelp", "SringHelp\SringHelp.csproj", "{784459A9-48EA-4837-8816-8CD6FC900715}"
EndProject
Project("{FAE04EC0-301F-11D3-BF4B-00C04F79EFBC}") = "SringHel.NetFramework", "SringHel.NetFramework\SringHel.NetFramework.csproj", "{BE034C35-1F18-419A-B4C5-3AD76EEF1C90}"
EndProject
Global
	GlobalSection(SolutionConfigurationPlatforms) = preSolution
		Debug|Any CPU = Debug|Any CPU
		Release|Any CPU = Release|Any CPU
	EndGlobalSection
	GlobalSection(ProjectConfigurationPlatforms) = postSolution
		{784459A9-48EA-4837-8816-8CD6FC900715}.Debug|Any CPU.ActiveCfg = Debug|Any CPU
		{784459A9-48EA-4837-8816-8CD6FC900715}.Debug|Any CPU.Build.0 = Debug|Any CPU
		{784459A9-48EA-4837-8816-8CD6FC900715}.Release|Any CPU.ActiveCfg = Release|Any CPU
		{784459A9-48EA-4837-8816-8CD6FC900715}.Release|Any CPU.Build.0 = Release|Any CPU
		{BE034C35-1F18-419A-B4C5-3AD76EEF1C90}.Debug|Any CPU.ActiveCfg = Debug|Any CPU
		{BE034C35-1F18-419A-B4C5-3AD76EEF1C90}.Debug|Any CPU.Build.0 = Debug|Any CPU
		{BE034C35-1F18-419A-B4C5-3AD76EEF1C90}.Release|Any CPU.ActiveCfg = Release|Any CPU
		{BE034C35-1F18-419A-B4C5-3AD76EEF1C90}.Release|Any CPU.Build.0 = Release|Any CPU
	EndGlobalSection
	GlobalSection(SolutionProperties) = preSolution
		HideSolutionNode = FALSE
	EndGlobalSection
	GlobalSection(ExtensibilityGlobals) = postSolution
		SolutionGuid = {78717176-8402-418C-883D-BE27F6E398D6}
	EndGlobalSection
EndGlobal
